
Microsoft Visual Studio Solution File, Format Version 12.00
# Visual Studio Version 17
VisualStudioVersion = 17.11.35312.102
MinimumVisualStudioVersion = 10.0.40219.1
Project("{FAE04EC0-301F-11D3-BF4B-00C04F79EFBC}") = "Palackok", "Palackok\Palackok.csproj", "{C37FF63A-DDFE-4A52-B003-D9B1ECB0130C}"
EndProject
Global
	GlobalSection(SolutionConfigurationPlatforms) = preSolution
		Debug|Any CPU = Debug|Any CPU
		Release|Any CPU = Release|Any CPU
	EndGlobalSection
	GlobalSection(ProjectConfigurationPlatforms) = postSolution
		{C37FF63A-DDFE-4A52-B003-D9B1ECB0130C}.Debug|Any CPU.ActiveCfg = Debug|Any CPU
		{C37FF63A-DDFE-4A52-B003-D9B1ECB0130C}.Debug|Any CPU.Build.0 = Debug|Any CPU
		{C37FF63A-DDFE-4A52-B003-D9B1ECB0130C}.Release|Any CPU.ActiveCfg = Release|Any CPU
		{C37FF63A-DDFE-4A52-B003-D9B1ECB0130C}.Release|Any CPU.Build.0 = Release|Any CPU
	EndGlobalSection
	GlobalSection(SolutionProperties) = preSolution
		HideSolutionNode = FALSE
	EndGlobalSection
	GlobalSection(ExtensibilityGlobals) = postSolution
		SolutionGuid = {BBD667A5-CFBF-4AEB-8109-6E3E0CA04C00}
	EndGlobalSection
EndGlobal
